{
  "version": 4,
  "terraform_version": "0.12.6",
  "serial": 199,
  "lineage": "1b4677f3-a999-d36d-a12e-eea10c07e75c",
  "outputs": {
    "bastion_ami": {
      "value": "ami-0f3a43fbf2d3899f7",
      "type": "string"
    },
    "bastion_public_dns": {
      "value": "ec2-54-93-216-229.eu-central-1.compute.amazonaws.com",
      "type": "string"
    },
    "gitlab_ami": {
      "value": "ami-01b8e8a684d447ad5",
      "type": "string"
    },
    "gitlab_db_host": {
      "value": "rds.gitlab.gavno",
      "type": "string"
    },
    "gitlab_external_host": {
      "value": "https://gitlab-gavno-766fdaf1258a9c60.elb.eu-central-1.amazonaws.com",
      "type": "string"
    },
    "gitlab_ptivate_ip": {
      "value": "10.0.1.34",
      "type": "string"
    },
    "ssh_key_name": {
      "value": "key-eu-central-1",
      "type": "string"
    }
  },
  "resources": [
    {
      "mode": "data",
      "type": "aws_ami",
      "name": "amazon-linux-2",
      "provider": "provider.aws",
      "instances": [
        {
          "schema_version": 0,
          "attributes": {
            "architecture": "x86_64",
            "block_device_mappings": [
              {
                "device_name": "/dev/xvda",
                "ebs": {
                  "delete_on_termination": "true",
                  "encrypted": "false",
                  "iops": "0",
                  "snapshot_id": "snap-024e18668a7cf6d7a",
                  "volume_size": "8",
                  "volume_type": "gp2"
                },
                "no_device": "",
                "virtual_name": ""
              }
            ],
            "creation_date": "2019-10-31T06:01:11.000Z",
            "description": "Amazon Linux 2 AMI 2.0.20191024.3 x86_64 HVM gp2",
            "executable_users": null,
            "filter": [
              {
                "name": "name",
                "values": [
                  "amzn2-ami-hvm*"
                ]
              }
            ],
            "hypervisor": "xen",
            "id": "ami-0f3a43fbf2d3899f7",
            "image_id": "ami-0f3a43fbf2d3899f7",
            "image_location": "amazon/amzn2-ami-hvm-2.0.20191024.3-x86_64-gp2",
            "image_owner_alias": "amazon",
            "image_type": "machine",
            "kernel_id": null,
            "most_recent": true,
            "name": "amzn2-ami-hvm-2.0.20191024.3-x86_64-gp2",
            "name_regex": null,
            "owner_id": "137112412989",
            "owners": [
              "amazon"
            ],
            "platform": null,
            "product_codes": [],
            "public": true,
            "ramdisk_id": null,
            "root_device_name": "/dev/xvda",
            "root_device_type": "ebs",
            "root_snapshot_id": "snap-024e18668a7cf6d7a",
            "sriov_net_support": "simple",
            "state": "available",
            "state_reason": {
              "code": "UNSET",
              "message": "UNSET"
            },
            "tags": {},
            "virtualization_type": "hvm"
          }
        }
      ]
    },
    {
      "mode": "data",
      "type": "aws_ami",
      "name": "gtilab",
      "provider": "provider.aws",
      "instances": [
        {
          "schema_version": 0,
          "attributes": {
            "architecture": "x86_64",
            "block_device_mappings": [
              {
                "device_name": "/dev/xvda",
                "ebs": {
                  "delete_on_termination": "true",
                  "encrypted": "false",
                  "iops": "0",
                  "snapshot_id": "snap-0902c8fd4f6de9f7e",
                  "volume_size": "8",
                  "volume_type": "gp2"
                },
                "no_device": "",
                "virtual_name": ""
              },
              {
                "device_name": "/dev/xvdcz",
                "ebs": {
                  "delete_on_termination": "true",
                  "encrypted": "false",
                  "iops": "0",
                  "snapshot_id": "",
                  "volume_size": "22",
                  "volume_type": "gp2"
                },
                "no_device": "",
                "virtual_name": ""
              }
            ],
            "creation_date": "2019-10-30T19:20:30.000Z",
            "description": "Amazon Linux AMI 2018.03.20191031 x86_64 ECS HVM GP2",
            "executable_users": null,
            "filter": [
              {
                "name": "name",
                "values": [
                  "amzn-ami-2018*"
                ]
              }
            ],
            "hypervisor": "xen",
            "id": "ami-01b8e8a684d447ad5",
            "image_id": "ami-01b8e8a684d447ad5",
            "image_location": "amazon/amzn-ami-2018.03.20191031-amazon-ecs-optimized",
            "image_owner_alias": "amazon",
            "image_type": "machine",
            "kernel_id": null,
            "most_recent": true,
            "name": "amzn-ami-2018.03.20191031-amazon-ecs-optimized",
            "name_regex": null,
            "owner_id": "591542846629",
            "owners": [
              "amazon"
            ],
            "platform": null,
            "product_codes": [],
            "public": true,
            "ramdisk_id": null,
            "root_device_name": "/dev/xvda",
            "root_device_type": "ebs",
            "root_snapshot_id": "snap-0902c8fd4f6de9f7e",
            "sriov_net_support": "simple",
            "state": "available",
            "state_reason": {
              "code": "UNSET",
              "message": "UNSET"
            },
            "tags": {},
            "virtualization_type": "hvm"
          }
        }
      ]
    },
    {
      "mode": "data",
      "type": "aws_security_group",
      "name": "default",
      "provider": "provider.aws",
      "instances": [
        {
          "schema_version": 0,
          "attributes": {
            "arn": "arn:aws:ec2:eu-central-1:270076310061:security-group/sg-082f894f76f218317",
            "description": "default VPC security group",
            "filter": null,
            "id": "sg-082f894f76f218317",
            "name": "default",
            "tags": {},
            "vpc_id": "vpc-06915fd113ec82c1e"
          },
          "depends_on": [
            "aws_vpc.gitlab"
          ]
        }
      ]
    },
    {
      "mode": "managed",
      "type": "aws_db_instance",
      "name": "gitlab_postgres",
      "provider": "provider.aws",
      "instances": [
        {
          "schema_version": 0,
          "attributes": {
            "address": "terraform-20191109125222248500000002.cu7ob3mzwmde.eu-central-1.rds.amazonaws.com",
            "allocated_storage": 5,
            "allow_major_version_upgrade": null,
            "apply_immediately": null,
            "arn": "arn:aws:rds:eu-central-1:270076310061:db:terraform-20191109125222248500000002",
            "auto_minor_version_upgrade": true,
            "availability_zone": "eu-central-1b",
            "backup_retention_period": 0,
            "backup_window": "02:04-02:34",
            "ca_cert_identifier": "rds-ca-2015",
            "character_set_name": null,
            "copy_tags_to_snapshot": false,
            "db_subnet_group_name": "gitlab_bd_subnet_group",
            "deletion_protection": false,
            "domain": "",
            "domain_iam_role_name": "",
            "enabled_cloudwatch_logs_exports": [],
            "endpoint": "terraform-20191109125222248500000002.cu7ob3mzwmde.eu-central-1.rds.amazonaws.com:5432",
            "engine": "postgres",
            "engine_version": "11.5",
            "final_snapshot_identifier": null,
            "hosted_zone_id": "Z1RLNUO7B9Q6NB",
            "iam_database_authentication_enabled": false,
            "id": "terraform-20191109125222248500000002",
            "identifier": "terraform-20191109125222248500000002",
            "identifier_prefix": null,
            "instance_class": "db.t2.micro",
            "iops": 0,
            "kms_key_id": "",
            "license_model": "postgresql-license",
            "maintenance_window": "sat:21:27-sat:21:57",
            "max_allocated_storage": 0,
            "monitoring_interval": 0,
            "monitoring_role_arn": "",
            "multi_az": false,
            "name": "gitlab",
            "option_group_name": "default:postgres-11",
            "parameter_group_name": "default.postgres11",
            "password": "supersicret",
            "performance_insights_enabled": false,
            "performance_insights_kms_key_id": "",
            "performance_insights_retention_period": 0,
            "port": 5432,
            "publicly_accessible": false,
            "replicas": [],
            "replicate_source_db": "",
            "resource_id": "db-QGZ2GNMX3T5YSYBVQAPNC6IWIU",
            "s3_import": [],
            "security_group_names": [],
            "skip_final_snapshot": true,
            "snapshot_identifier": null,
            "status": "available",
            "storage_encrypted": false,
            "storage_type": "gp2",
            "tags": {
              "Name": "GitLab PostgreSQL RDS"
            },
            "timeouts": null,
            "timezone": "",
            "username": "postgres",
            "vpc_security_group_ids": [
              "sg-082f894f76f218317"
            ]
          },
          "private": "eyJlMmJmYjczMC1lY2FhLTExZTYtOGY4OC0zNDM2M2JjN2M0YzAiOnsiY3JlYXRlIjoyNDAwMDAwMDAwMDAwLCJkZWxldGUiOjI0MDAwMDAwMDAwMDAsInVwZGF0ZSI6NDgwMDAwMDAwMDAwMH19",
          "depends_on": [
            "aws_db_subnet_group.default",
            "data.aws_security_group.default"
          ]
        }
      ]
    },
    {
      "mode": "managed",
      "type": "aws_db_subnet_group",
      "name": "default",
      "provider": "provider.aws",
      "instances": [
        {
          "schema_version": 0,
          "attributes": {
            "arn": "arn:aws:rds:eu-central-1:270076310061:subgrp:gitlab_bd_subnet_group",
            "description": "Managed by Terraform",
            "id": "gitlab_bd_subnet_group",
            "name": "gitlab_bd_subnet_group",
            "name_prefix": null,
            "subnet_ids": [
              "subnet-08e28841a0a542f76",
              "subnet-094c45d58b2a186e0"
            ],
            "tags": {
              "Name": "GitLab DB Subnet"
            }
          },
          "private": "bnVsbA==",
          "depends_on": [
            "aws_subnet.rds1",
            "aws_subnet.rds2"
          ]
        }
      ]
    },
    {
      "mode": "managed",
      "type": "aws_default_route_table",
      "name": "default",
      "provider": "provider.aws",
      "instances": [
        {
          "schema_version": 0,
          "attributes": {
            "default_route_table_id": "rtb-09c3208793404330f",
            "id": "rtb-09c3208793404330f",
            "owner_id": "270076310061",
            "propagating_vgws": [],
            "route": [
              {
                "cidr_block": "0.0.0.0/0",
                "egress_only_gateway_id": "",
                "gateway_id": "",
                "instance_id": "",
                "ipv6_cidr_block": "",
                "nat_gateway_id": "nat-07b4f2941b764a128",
                "network_interface_id": "",
                "transit_gateway_id": "",
                "vpc_peering_connection_id": ""
              }
            ],
            "tags": {
              "Name": "GitLab default"
            },
            "vpc_id": "vpc-06915fd113ec82c1e"
          },
          "private": "bnVsbA==",
          "depends_on": [
            "aws_nat_gateway.ngw",
            "aws_vpc.gitlab"
          ]
        }
      ]
    },
    {
      "mode": "managed",
      "type": "aws_ebs_volume",
      "name": "gitlab_home",
      "provider": "provider.aws",
      "instances": [
        {
          "schema_version": 0,
          "attributes": {
            "arn": "arn:aws:ec2:eu-central-1:270076310061:volume/vol-070817e82a7e257d8",
            "availability_zone": "eu-central-1b",
            "encrypted": false,
            "id": "vol-070817e82a7e257d8",
            "iops": 100,
            "kms_key_id": "",
            "size": 9,
            "snapshot_id": "",
            "tags": {
              "Name": "GitLab home"
            },
            "type": "gp2"
          },
          "private": "bnVsbA==",
          "depends_on": [
            "aws_subnet.private"
          ]
        }
      ]
    },
    {
      "mode": "managed",
      "type": "aws_eip",
      "name": "nat",
      "provider": "provider.aws",
      "instances": [
        {
          "schema_version": 0,
          "attributes": {
            "allocation_id": null,
            "associate_with_private_ip": null,
            "association_id": "eipassoc-bf5ff765",
            "domain": "vpc",
            "id": "eipalloc-0db293812cf7a0151",
            "instance": "",
            "network_interface": "eni-09588bec4c95d220f",
            "private_dns": "ip-10-0-0-164.eu-central-1.compute.internal",
            "private_ip": "10.0.0.164",
            "public_dns": "ec2-3-124-76-37.eu-central-1.compute.amazonaws.com",
            "public_ip": "3.124.76.37",
            "public_ipv4_pool": "amazon",
            "tags": {
              "Name": "GitLab EIP for NAT GW"
            },
            "timeouts": null,
            "vpc": true
          },
          "private": "eyJlMmJmYjczMC1lY2FhLTExZTYtOGY4OC0zNDM2M2JjN2M0YzAiOnsiZGVsZXRlIjoxODAwMDAwMDAwMDAsInJlYWQiOjkwMDAwMDAwMDAwMCwidXBkYXRlIjozMDAwMDAwMDAwMDB9fQ=="
        }
      ]
    },
    {
      "mode": "managed",
      "type": "aws_instance",
      "name": "bastion",
      "provider": "provider.aws",
      "instances": [
        {
          "schema_version": 1,
          "attributes": {
            "ami": "ami-0f3a43fbf2d3899f7",
            "arn": "arn:aws:ec2:eu-central-1:270076310061:instance/i-0d7ac765eed82e55f",
            "associate_public_ip_address": true,
            "availability_zone": "eu-central-1b",
            "cpu_core_count": 1,
            "cpu_threads_per_core": 1,
            "credit_specification": [
              {
                "cpu_credits": "standard"
              }
            ],
            "disable_api_termination": false,
            "ebs_block_device": [],
            "ebs_optimized": false,
            "ephemeral_block_device": [],
            "get_password_data": false,
            "host_id": null,
            "iam_instance_profile": "",
            "id": "i-0d7ac765eed82e55f",
            "instance_initiated_shutdown_behavior": null,
            "instance_state": "running",
            "instance_type": "t2.micro",
            "ipv6_address_count": 0,
            "ipv6_addresses": [],
            "key_name": "key-eu-central-1",
            "monitoring": false,
            "network_interface": [],
            "network_interface_id": null,
            "password_data": "",
            "placement_group": "",
            "primary_network_interface_id": "eni-0e6598ba24669db12",
            "private_dns": "ip-10-0-0-58.eu-central-1.compute.internal",
            "private_ip": "10.0.0.58",
            "public_dns": "ec2-54-93-216-229.eu-central-1.compute.amazonaws.com",
            "public_ip": "54.93.216.229",
            "root_block_device": [
              {
                "delete_on_termination": true,
                "encrypted": false,
                "iops": 100,
                "kms_key_id": "",
                "volume_id": "vol-0749b184e925db630",
                "volume_size": 8,
                "volume_type": "gp2"
              }
            ],
            "security_groups": [],
            "source_dest_check": true,
            "subnet_id": "subnet-0c700b66e693a663a",
            "tags": {
              "Name": "Basion"
            },
            "tenancy": "default",
            "timeouts": null,
            "user_data": null,
            "user_data_base64": null,
            "volume_tags": {},
            "vpc_security_group_ids": [
              "sg-082f894f76f218317"
            ]
          },
          "private": "eyJlMmJmYjczMC1lY2FhLTExZTYtOGY4OC0zNDM2M2JjN2M0YzAiOnsiY3JlYXRlIjo2MDAwMDAwMDAwMDAsImRlbGV0ZSI6MTIwMDAwMDAwMDAwMCwidXBkYXRlIjo2MDAwMDAwMDAwMDB9LCJzY2hlbWFfdmVyc2lvbiI6IjEifQ==",
          "depends_on": [
            "aws_subnet.public",
            "data.aws_ami.amazon-linux-2",
            "data.aws_security_group.default"
          ]
        }
      ]
    },
    {
      "mode": "managed",
      "type": "aws_instance",
      "name": "gitlab",
      "provider": "provider.aws",
      "instances": [
        {
          "schema_version": 1,
          "attributes": {
            "ami": "ami-01b8e8a684d447ad5",
            "arn": "arn:aws:ec2:eu-central-1:270076310061:instance/i-037397d7234f4ca71",
            "associate_public_ip_address": false,
            "availability_zone": "eu-central-1b",
            "cpu_core_count": 1,
            "cpu_threads_per_core": 1,
            "credit_specification": [
              {
                "cpu_credits": "standard"
              }
            ],
            "disable_api_termination": false,
            "ebs_block_device": [
              {
                "delete_on_termination": true,
                "device_name": "/dev/xvdcz",
                "encrypted": false,
                "iops": 100,
                "kms_key_id": "",
                "snapshot_id": "",
                "volume_id": "vol-06e0e25468d05bab8",
                "volume_size": 22,
                "volume_type": "gp2"
              }
            ],
            "ebs_optimized": false,
            "ephemeral_block_device": [],
            "get_password_data": false,
            "host_id": null,
            "iam_instance_profile": "",
            "id": "i-037397d7234f4ca71",
            "instance_initiated_shutdown_behavior": null,
            "instance_state": "running",
            "instance_type": "t2.micro",
            "ipv6_address_count": 0,
            "ipv6_addresses": [],
            "key_name": "key-eu-central-1",
            "monitoring": false,
            "network_interface": [],
            "network_interface_id": null,
            "password_data": "",
            "placement_group": "",
            "primary_network_interface_id": "eni-0e412f95b7ab966a9",
            "private_dns": "ip-10-0-1-34.eu-central-1.compute.internal",
            "private_ip": "10.0.1.34",
            "public_dns": "",
            "public_ip": "",
            "root_block_device": [
              {
                "delete_on_termination": true,
                "encrypted": false,
                "iops": 100,
                "kms_key_id": "",
                "volume_id": "vol-06b9815ab98efdc52",
                "volume_size": 8,
                "volume_type": "gp2"
              }
            ],
            "security_groups": [],
            "source_dest_check": true,
            "subnet_id": "subnet-0aa6c3de9a0bb1c88",
            "tags": {
              "Name": "GitLab"
            },
            "tenancy": "default",
            "timeouts": null,
            "user_data": null,
            "user_data_base64": null,
            "volume_tags": {},
            "vpc_security_group_ids": [
              "sg-082f894f76f218317"
            ]
          },
          "private": "eyJlMmJmYjczMC1lY2FhLTExZTYtOGY4OC0zNDM2M2JjN2M0YzAiOnsiY3JlYXRlIjo2MDAwMDAwMDAwMDAsImRlbGV0ZSI6MTIwMDAwMDAwMDAwMCwidXBkYXRlIjo2MDAwMDAwMDAwMDB9LCJzY2hlbWFfdmVyc2lvbiI6IjEifQ==",
          "depends_on": [
            "aws_subnet.private",
            "data.aws_ami.gtilab",
            "data.aws_security_group.default"
          ]
        }
      ]
    },
    {
      "mode": "managed",
      "type": "aws_internet_gateway",
      "name": "igw",
      "provider": "provider.aws",
      "instances": [
        {
          "schema_version": 0,
          "attributes": {
            "id": "igw-00d029e68ec04dfae",
            "owner_id": "270076310061",
            "tags": {
              "Name": "Gitlab"
            },
            "vpc_id": "vpc-06915fd113ec82c1e"
          },
          "private": "bnVsbA==",
          "depends_on": [
            "aws_vpc.gitlab"
          ]
        }
      ]
    },
    {
      "mode": "managed",
      "type": "aws_lb",
      "name": "gitlab",
      "provider": "provider.aws",
      "instances": [
        {
          "schema_version": 0,
          "attributes": {
            "access_logs": [
              {
                "bucket": "",
                "enabled": false,
                "prefix": ""
              }
            ],
            "arn": "arn:aws:elasticloadbalancing:eu-central-1:270076310061:loadbalancer/net/gitlab-gavno/766fdaf1258a9c60",
            "arn_suffix": "net/gitlab-gavno/766fdaf1258a9c60",
            "dns_name": "gitlab-gavno-766fdaf1258a9c60.elb.eu-central-1.amazonaws.com",
            "enable_cross_zone_load_balancing": false,
            "enable_deletion_protection": false,
            "enable_http2": null,
            "id": "arn:aws:elasticloadbalancing:eu-central-1:270076310061:loadbalancer/net/gitlab-gavno/766fdaf1258a9c60",
            "idle_timeout": null,
            "internal": false,
            "ip_address_type": "ipv4",
            "load_balancer_type": "network",
            "name": "gitlab-gavno",
            "name_prefix": null,
            "security_groups": [],
            "subnet_mapping": [
              {
                "allocation_id": "",
                "subnet_id": "subnet-0c700b66e693a663a"
              }
            ],
            "subnets": [
              "subnet-0c700b66e693a663a"
            ],
            "tags": {
              "Environment": "GitLab"
            },
            "timeouts": null,
            "vpc_id": "vpc-06915fd113ec82c1e",
            "zone_id": "Z3F0SRJ5LGBH90"
          },
          "private": "eyJlMmJmYjczMC1lY2FhLTExZTYtOGY4OC0zNDM2M2JjN2M0YzAiOnsiY3JlYXRlIjo2MDAwMDAwMDAwMDAsImRlbGV0ZSI6NjAwMDAwMDAwMDAwLCJ1cGRhdGUiOjYwMDAwMDAwMDAwMH19",
          "depends_on": [
            "aws_subnet.public"
          ]
        }
      ]
    },
    {
      "mode": "managed",
      "type": "aws_lb_listener",
      "name": "gitlab_443",
      "provider": "provider.aws",
      "instances": [
        {
          "schema_version": 0,
          "attributes": {
            "arn": "arn:aws:elasticloadbalancing:eu-central-1:270076310061:listener/net/gitlab-gavno/766fdaf1258a9c60/4eb2d0c83d2077fc",
            "certificate_arn": null,
            "default_action": [
              {
                "authenticate_cognito": [],
                "authenticate_oidc": [],
                "fixed_response": [],
                "order": 1,
                "redirect": [],
                "target_group_arn": "arn:aws:elasticloadbalancing:eu-central-1:270076310061:targetgroup/gitlab-lb-tg/eda0eca369b5bf0f",
                "type": "forward"
              }
            ],
            "id": "arn:aws:elasticloadbalancing:eu-central-1:270076310061:listener/net/gitlab-gavno/766fdaf1258a9c60/4eb2d0c83d2077fc",
            "load_balancer_arn": "arn:aws:elasticloadbalancing:eu-central-1:270076310061:loadbalancer/net/gitlab-gavno/766fdaf1258a9c60",
            "port": 443,
            "protocol": "TCP",
            "ssl_policy": "",
            "timeouts": null
          },
          "private": "eyJlMmJmYjczMC1lY2FhLTExZTYtOGY4OC0zNDM2M2JjN2M0YzAiOnsicmVhZCI6NjAwMDAwMDAwMDAwfX0=",
          "depends_on": [
            "aws_lb.gitlab",
            "aws_lb_target_group.gitlab"
          ]
        }
      ]
    },
    {
      "mode": "managed",
      "type": "aws_lb_listener",
      "name": "gitlab_80",
      "provider": "provider.aws",
      "instances": [
        {
          "schema_version": 0,
          "attributes": {
            "arn": "arn:aws:elasticloadbalancing:eu-central-1:270076310061:listener/net/gitlab-gavno/766fdaf1258a9c60/7d307b22f8aa15ca",
            "certificate_arn": null,
            "default_action": [
              {
                "authenticate_cognito": [],
                "authenticate_oidc": [],
                "fixed_response": [],
                "order": 1,
                "redirect": [],
                "target_group_arn": "arn:aws:elasticloadbalancing:eu-central-1:270076310061:targetgroup/gitlab-lb-tg/eda0eca369b5bf0f",
                "type": "forward"
              }
            ],
            "id": "arn:aws:elasticloadbalancing:eu-central-1:270076310061:listener/net/gitlab-gavno/766fdaf1258a9c60/7d307b22f8aa15ca",
            "load_balancer_arn": "arn:aws:elasticloadbalancing:eu-central-1:270076310061:loadbalancer/net/gitlab-gavno/766fdaf1258a9c60",
            "port": 80,
            "protocol": "TCP",
            "ssl_policy": "",
            "timeouts": null
          },
          "private": "eyJlMmJmYjczMC1lY2FhLTExZTYtOGY4OC0zNDM2M2JjN2M0YzAiOnsicmVhZCI6NjAwMDAwMDAwMDAwfX0=",
          "depends_on": [
            "aws_lb.gitlab",
            "aws_lb_target_group.gitlab"
          ]
        }
      ]
    },
    {
      "mode": "managed",
      "type": "aws_lb_target_group",
      "name": "gitlab",
      "provider": "provider.aws",
      "instances": [
        {
          "schema_version": 0,
          "attributes": {
            "arn": "arn:aws:elasticloadbalancing:eu-central-1:270076310061:targetgroup/gitlab-lb-tg/eda0eca369b5bf0f",
            "arn_suffix": "targetgroup/gitlab-lb-tg/eda0eca369b5bf0f",
            "deregistration_delay": 300,
            "health_check": [
              {
                "enabled": true,
                "healthy_threshold": 3,
                "interval": 30,
                "matcher": "",
                "path": "",
                "port": "traffic-port",
                "protocol": "TCP",
                "timeout": 10,
                "unhealthy_threshold": 3
              }
            ],
            "id": "arn:aws:elasticloadbalancing:eu-central-1:270076310061:targetgroup/gitlab-lb-tg/eda0eca369b5bf0f",
            "lambda_multi_value_headers_enabled": false,
            "name": "gitlab-lb-tg",
            "name_prefix": null,
            "port": 443,
            "protocol": "TCP",
            "proxy_protocol_v2": false,
            "slow_start": 0,
            "stickiness": [
              {
                "cookie_duration": 86400,
                "enabled": false,
                "type": "lb_cookie"
              }
            ],
            "tags": {},
            "target_type": "instance",
            "vpc_id": "vpc-06915fd113ec82c1e"
          },
          "private": "bnVsbA==",
          "depends_on": [
            "aws_vpc.gitlab"
          ]
        }
      ]
    },
    {
      "mode": "managed",
      "type": "aws_lb_target_group_attachment",
      "name": "gitlab_443",
      "provider": "provider.aws",
      "instances": [
        {
          "schema_version": 0,
          "attributes": {
            "availability_zone": null,
            "id": "arn:aws:elasticloadbalancing:eu-central-1:270076310061:targetgroup/gitlab-lb-tg/eda0eca369b5bf0f-20191109205330653900000002",
            "port": 443,
            "target_group_arn": "arn:aws:elasticloadbalancing:eu-central-1:270076310061:targetgroup/gitlab-lb-tg/eda0eca369b5bf0f",
            "target_id": "i-037397d7234f4ca71"
          },
          "private": "bnVsbA==",
          "depends_on": [
            "aws_instance.gitlab",
            "aws_lb_target_group.gitlab"
          ]
        }
      ]
    },
    {
      "mode": "managed",
      "type": "aws_lb_target_group_attachment",
      "name": "gitlab_80",
      "provider": "provider.aws",
      "instances": [
        {
          "schema_version": 0,
          "attributes": {
            "availability_zone": null,
            "id": "arn:aws:elasticloadbalancing:eu-central-1:270076310061:targetgroup/gitlab-lb-tg/eda0eca369b5bf0f-20191109205330567700000001",
            "port": 80,
            "target_group_arn": "arn:aws:elasticloadbalancing:eu-central-1:270076310061:targetgroup/gitlab-lb-tg/eda0eca369b5bf0f",
            "target_id": "i-037397d7234f4ca71"
          },
          "private": "bnVsbA==",
          "depends_on": [
            "aws_instance.gitlab",
            "aws_lb_target_group.gitlab"
          ]
        }
      ]
    },
    {
      "mode": "managed",
      "type": "aws_nat_gateway",
      "name": "ngw",
      "provider": "provider.aws",
      "instances": [
        {
          "schema_version": 0,
          "attributes": {
            "allocation_id": "eipalloc-0db293812cf7a0151",
            "id": "nat-07b4f2941b764a128",
            "network_interface_id": "eni-09588bec4c95d220f",
            "private_ip": "10.0.0.164",
            "public_ip": "3.124.76.37",
            "subnet_id": "subnet-0c700b66e693a663a",
            "tags": {
              "Name": "GitLab"
            }
          },
          "private": "bnVsbA==",
          "depends_on": [
            "aws_eip.nat",
            "aws_subnet.public"
          ]
        }
      ]
    },
    {
      "mode": "managed",
      "type": "aws_route53_record",
      "name": "gitlab_a",
      "provider": "provider.aws",
      "instances": [
        {
          "schema_version": 2,
          "attributes": {
            "alias": [],
            "allow_overwrite": null,
            "failover_routing_policy": [],
            "fqdn": "gitlab.gavno",
            "geolocation_routing_policy": [],
            "health_check_id": "",
            "id": "Z0524954LK5HK8GDN5QY_gitlab.gavno_A",
            "latency_routing_policy": [],
            "multivalue_answer_routing_policy": null,
            "name": "gitlab.gavno",
            "records": [
              "10.0.1.34"
            ],
            "set_identifier": "",
            "ttl": 1500,
            "type": "A",
            "weighted_routing_policy": [],
            "zone_id": "Z0524954LK5HK8GDN5QY"
          },
          "private": "eyJzY2hlbWFfdmVyc2lvbiI6IjIifQ==",
          "depends_on": [
            "aws_instance.gitlab",
            "aws_route53_zone.gitlab"
          ]
        }
      ]
    },
    {
      "mode": "managed",
      "type": "aws_route53_record",
      "name": "gitlab_rds",
      "provider": "provider.aws",
      "instances": [
        {
          "schema_version": 2,
          "attributes": {
            "alias": [],
            "allow_overwrite": null,
            "failover_routing_policy": [],
            "fqdn": "rds.gitlab.gavno",
            "geolocation_routing_policy": [],
            "health_check_id": "",
            "id": "Z0524954LK5HK8GDN5QY_rds_CNAME",
            "latency_routing_policy": [],
            "multivalue_answer_routing_policy": null,
            "name": "rds",
            "records": [
              "terraform-20191109125222248500000002.cu7ob3mzwmde.eu-central-1.rds.amazonaws.com"
            ],
            "set_identifier": "",
            "ttl": 1500,
            "type": "CNAME",
            "weighted_routing_policy": [],
            "zone_id": "Z0524954LK5HK8GDN5QY"
          },
          "private": "eyJzY2hlbWFfdmVyc2lvbiI6IjIifQ==",
          "depends_on": [
            "aws_db_instance.gitlab_postgres",
            "aws_route53_zone.gitlab"
          ]
        }
      ]
    },
    {
      "mode": "managed",
      "type": "aws_route53_zone",
      "name": "gitlab",
      "provider": "provider.aws",
      "instances": [
        {
          "schema_version": 0,
          "attributes": {
            "comment": "Managed by Terraform",
            "delegation_set_id": "",
            "force_destroy": false,
            "id": "Z0524954LK5HK8GDN5QY",
            "name": "gitlab.gavno.",
            "name_servers": [
              "ns-0.awsdns-00.com.",
              "ns-1024.awsdns-00.org.",
              "ns-1536.awsdns-00.co.uk.",
              "ns-512.awsdns-00.net."
            ],
            "tags": {},
            "vpc": [
              {
                "vpc_id": "vpc-06915fd113ec82c1e",
                "vpc_region": "eu-central-1"
              }
            ],
            "vpc_id": null,
            "vpc_region": null,
            "zone_id": "Z0524954LK5HK8GDN5QY"
          },
          "private": "bnVsbA==",
          "depends_on": [
            "aws_vpc.gitlab"
          ]
        }
      ]
    },
    {
      "mode": "managed",
      "type": "aws_route_table",
      "name": "internet",
      "provider": "provider.aws",
      "instances": [
        {
          "schema_version": 0,
          "attributes": {
            "id": "rtb-06ebd5786fe2bce62",
            "owner_id": "270076310061",
            "propagating_vgws": [],
            "route": [
              {
                "cidr_block": "0.0.0.0/0",
                "egress_only_gateway_id": "",
                "gateway_id": "igw-00d029e68ec04dfae",
                "instance_id": "",
                "ipv6_cidr_block": "",
                "nat_gateway_id": "",
                "network_interface_id": "",
                "transit_gateway_id": "",
                "vpc_peering_connection_id": ""
              }
            ],
            "tags": {
              "Name": "GitLab"
            },
            "vpc_id": "vpc-06915fd113ec82c1e"
          },
          "private": "bnVsbA==",
          "depends_on": [
            "aws_internet_gateway.igw",
            "aws_vpc.gitlab"
          ]
        }
      ]
    },
    {
      "mode": "managed",
      "type": "aws_route_table_association",
      "name": "internet",
      "provider": "provider.aws",
      "instances": [
        {
          "schema_version": 0,
          "attributes": {
            "id": "rtbassoc-07b73c5326d986eb1",
            "route_table_id": "rtb-06ebd5786fe2bce62",
            "subnet_id": "subnet-0c700b66e693a663a"
          },
          "private": "bnVsbA==",
          "depends_on": [
            "aws_route_table.internet",
            "aws_subnet.public"
          ]
        }
      ]
    },
    {
      "mode": "managed",
      "type": "aws_security_group_rule",
      "name": "all_ipv4_icmp",
      "provider": "provider.aws",
      "instances": [
        {
          "schema_version": 2,
          "attributes": {
            "cidr_blocks": [
              "10.0.0.0/16"
            ],
            "description": "Allow All IPV4 ICMP",
            "from_port": -1,
            "id": "sgrule-1432472936",
            "ipv6_cidr_blocks": [],
            "prefix_list_ids": [],
            "protocol": "icmp",
            "security_group_id": "sg-082f894f76f218317",
            "self": false,
            "source_security_group_id": null,
            "to_port": -1,
            "type": "ingress"
          },
          "private": "eyJzY2hlbWFfdmVyc2lvbiI6IjIifQ==",
          "depends_on": [
            "aws_vpc.gitlab",
            "data.aws_security_group.default"
          ]
        }
      ]
    },
    {
      "mode": "managed",
      "type": "aws_security_group_rule",
      "name": "bastion_ssh",
      "provider": "provider.aws",
      "instances": [
        {
          "schema_version": 2,
          "attributes": {
            "cidr_blocks": [
              "31.223.230.76/32"
            ],
            "description": "Allow SSH to the Bastion instance",
            "from_port": 22,
            "id": "sgrule-683373512",
            "ipv6_cidr_blocks": [],
            "prefix_list_ids": [],
            "protocol": "tcp",
            "security_group_id": "sg-082f894f76f218317",
            "self": false,
            "source_security_group_id": null,
            "to_port": 22,
            "type": "ingress"
          },
          "private": "eyJzY2hlbWFfdmVyc2lvbiI6IjIifQ==",
          "depends_on": [
            "data.aws_security_group.default"
          ]
        }
      ]
    },
    {
      "mode": "managed",
      "type": "aws_security_group_rule",
      "name": "gitlab_http",
      "provider": "provider.aws",
      "instances": [
        {
          "schema_version": 2,
          "attributes": {
            "cidr_blocks": [
              "0.0.0.0/0"
            ],
            "description": "Allow SSH from Bastion to the Gitlab instance",
            "from_port": 80,
            "id": "sgrule-1228168173",
            "ipv6_cidr_blocks": [],
            "prefix_list_ids": [],
            "protocol": "tcp",
            "security_group_id": "sg-082f894f76f218317",
            "self": false,
            "source_security_group_id": null,
            "to_port": 80,
            "type": "ingress"
          },
          "private": "eyJzY2hlbWFfdmVyc2lvbiI6IjIifQ==",
          "depends_on": [
            "data.aws_security_group.default"
          ]
        }
      ]
    },
    {
      "mode": "managed",
      "type": "aws_security_group_rule",
      "name": "gitlab_https",
      "provider": "provider.aws",
      "instances": [
        {
          "schema_version": 2,
          "attributes": {
            "cidr_blocks": [
              "0.0.0.0/0"
            ],
            "description": "Allow SSH from Bastion to the Gitlab instance",
            "from_port": 443,
            "id": "sgrule-2974428699",
            "ipv6_cidr_blocks": [],
            "prefix_list_ids": [],
            "protocol": "tcp",
            "security_group_id": "sg-082f894f76f218317",
            "self": false,
            "source_security_group_id": null,
            "to_port": 443,
            "type": "ingress"
          },
          "private": "eyJzY2hlbWFfdmVyc2lvbiI6IjIifQ==",
          "depends_on": [
            "data.aws_security_group.default"
          ]
        }
      ]
    },
    {
      "mode": "managed",
      "type": "aws_security_group_rule",
      "name": "gitlab_ssh",
      "provider": "provider.aws",
      "instances": [
        {
          "schema_version": 2,
          "attributes": {
            "cidr_blocks": [
              "10.0.0.58/32"
            ],
            "description": "Allow SSH from Bastion to the Gitlab instance",
            "from_port": 22,
            "id": "sgrule-2521926154",
            "ipv6_cidr_blocks": null,
            "prefix_list_ids": null,
            "protocol": "tcp",
            "security_group_id": "sg-082f894f76f218317",
            "self": false,
            "source_security_group_id": null,
            "to_port": 22,
            "type": "ingress"
          },
          "private": "eyJzY2hlbWFfdmVyc2lvbiI6IjIifQ==",
          "depends_on": [
            "aws_instance.bastion",
            "data.aws_security_group.default"
          ]
        }
      ]
    },
    {
      "mode": "managed",
      "type": "aws_security_group_rule",
      "name": "gitlab_to_postgres_tcp",
      "provider": "provider.aws",
      "instances": [
        {
          "schema_version": 2,
          "attributes": {
            "cidr_blocks": [
              "10.0.1.34/32"
            ],
            "description": "Allow TCP from GitLab to the PostgreSQL RDS instance",
            "from_port": 5432,
            "id": "sgrule-3962231544",
            "ipv6_cidr_blocks": [],
            "prefix_list_ids": [],
            "protocol": "tcp",
            "security_group_id": "sg-082f894f76f218317",
            "self": false,
            "source_security_group_id": null,
            "to_port": 5432,
            "type": "ingress"
          },
          "private": "eyJzY2hlbWFfdmVyc2lvbiI6IjIifQ==",
          "depends_on": [
            "aws_instance.gitlab",
            "data.aws_security_group.default"
          ]
        }
      ]
    },
    {
      "mode": "managed",
      "type": "aws_subnet",
      "name": "private",
      "provider": "provider.aws",
      "instances": [
        {
          "schema_version": 1,
          "attributes": {
            "arn": "arn:aws:ec2:eu-central-1:270076310061:subnet/subnet-0aa6c3de9a0bb1c88",
            "assign_ipv6_address_on_creation": false,
            "availability_zone": "eu-central-1b",
            "availability_zone_id": "euc1-az3",
            "cidr_block": "10.0.1.0/24",
            "id": "subnet-0aa6c3de9a0bb1c88",
            "ipv6_cidr_block": "",
            "ipv6_cidr_block_association_id": "",
            "map_public_ip_on_launch": false,
            "owner_id": "270076310061",
            "tags": {
              "Name": "Gitlab Private"
            },
            "timeouts": null,
            "vpc_id": "vpc-06915fd113ec82c1e"
          },
          "private": "eyJlMmJmYjczMC1lY2FhLTExZTYtOGY4OC0zNDM2M2JjN2M0YzAiOnsiY3JlYXRlIjo2MDAwMDAwMDAwMDAsImRlbGV0ZSI6MTIwMDAwMDAwMDAwMH0sInNjaGVtYV92ZXJzaW9uIjoiMSJ9",
          "depends_on": [
            "aws_vpc.gitlab"
          ]
        }
      ]
    },
    {
      "mode": "managed",
      "type": "aws_subnet",
      "name": "public",
      "provider": "provider.aws",
      "instances": [
        {
          "schema_version": 1,
          "attributes": {
            "arn": "arn:aws:ec2:eu-central-1:270076310061:subnet/subnet-0c700b66e693a663a",
            "assign_ipv6_address_on_creation": false,
            "availability_zone": "eu-central-1b",
            "availability_zone_id": "euc1-az3",
            "cidr_block": "10.0.0.0/24",
            "id": "subnet-0c700b66e693a663a",
            "ipv6_cidr_block": "",
            "ipv6_cidr_block_association_id": "",
            "map_public_ip_on_launch": false,
            "owner_id": "270076310061",
            "tags": {
              "Name": "Gitlab Public"
            },
            "timeouts": null,
            "vpc_id": "vpc-06915fd113ec82c1e"
          },
          "private": "eyJlMmJmYjczMC1lY2FhLTExZTYtOGY4OC0zNDM2M2JjN2M0YzAiOnsiY3JlYXRlIjo2MDAwMDAwMDAwMDAsImRlbGV0ZSI6MTIwMDAwMDAwMDAwMH0sInNjaGVtYV92ZXJzaW9uIjoiMSJ9",
          "depends_on": [
            "aws_vpc.gitlab"
          ]
        }
      ]
    },
    {
      "mode": "managed",
      "type": "aws_subnet",
      "name": "rds1",
      "provider": "provider.aws",
      "instances": [
        {
          "schema_version": 1,
          "attributes": {
            "arn": "arn:aws:ec2:eu-central-1:270076310061:subnet/subnet-094c45d58b2a186e0",
            "assign_ipv6_address_on_creation": false,
            "availability_zone": "eu-central-1a",
            "availability_zone_id": "euc1-az2",
            "cidr_block": "10.0.10.0/24",
            "id": "subnet-094c45d58b2a186e0",
            "ipv6_cidr_block": "",
            "ipv6_cidr_block_association_id": "",
            "map_public_ip_on_launch": false,
            "owner_id": "270076310061",
            "tags": {
              "Name": "Gitlab Private for RDSs"
            },
            "timeouts": null,
            "vpc_id": "vpc-06915fd113ec82c1e"
          },
          "private": "eyJlMmJmYjczMC1lY2FhLTExZTYtOGY4OC0zNDM2M2JjN2M0YzAiOnsiY3JlYXRlIjo2MDAwMDAwMDAwMDAsImRlbGV0ZSI6MTIwMDAwMDAwMDAwMH0sInNjaGVtYV92ZXJzaW9uIjoiMSJ9",
          "depends_on": [
            "aws_vpc.gitlab"
          ]
        }
      ]
    },
    {
      "mode": "managed",
      "type": "aws_subnet",
      "name": "rds2",
      "provider": "provider.aws",
      "instances": [
        {
          "schema_version": 1,
          "attributes": {
            "arn": "arn:aws:ec2:eu-central-1:270076310061:subnet/subnet-08e28841a0a542f76",
            "assign_ipv6_address_on_creation": false,
            "availability_zone": "eu-central-1b",
            "availability_zone_id": "euc1-az3",
            "cidr_block": "10.0.11.0/24",
            "id": "subnet-08e28841a0a542f76",
            "ipv6_cidr_block": "",
            "ipv6_cidr_block_association_id": "",
            "map_public_ip_on_launch": false,
            "owner_id": "270076310061",
            "tags": {
              "Name": "Gitlab Private for RDSs"
            },
            "timeouts": null,
            "vpc_id": "vpc-06915fd113ec82c1e"
          },
          "private": "eyJlMmJmYjczMC1lY2FhLTExZTYtOGY4OC0zNDM2M2JjN2M0YzAiOnsiY3JlYXRlIjo2MDAwMDAwMDAwMDAsImRlbGV0ZSI6MTIwMDAwMDAwMDAwMH0sInNjaGVtYV92ZXJzaW9uIjoiMSJ9",
          "depends_on": [
            "aws_vpc.gitlab"
          ]
        }
      ]
    },
    {
      "mode": "managed",
      "type": "aws_vpc",
      "name": "gitlab",
      "provider": "provider.aws",
      "instances": [
        {
          "schema_version": 1,
          "attributes": {
            "arn": "arn:aws:ec2:eu-central-1:270076310061:vpc/vpc-06915fd113ec82c1e",
            "assign_generated_ipv6_cidr_block": false,
            "cidr_block": "10.0.0.0/16",
            "default_network_acl_id": "acl-0f6d252e6006315f0",
            "default_route_table_id": "rtb-09c3208793404330f",
            "default_security_group_id": "sg-082f894f76f218317",
            "dhcp_options_id": "dopt-94f814fe",
            "enable_classiclink": null,
            "enable_classiclink_dns_support": null,
            "enable_dns_hostnames": true,
            "enable_dns_support": true,
            "id": "vpc-06915fd113ec82c1e",
            "instance_tenancy": "default",
            "ipv6_association_id": "",
            "ipv6_cidr_block": "",
            "main_route_table_id": "rtb-09c3208793404330f",
            "owner_id": "270076310061",
            "tags": {
              "Name": "GitLab"
            }
          },
          "private": "eyJzY2hlbWFfdmVyc2lvbiI6IjEifQ=="
        }
      ]
    }
  ]
}
